// !$*UTF8*$!
{
	archiveVersion = 1;
	classes = {
	};
	objectVersion = 46;
	objects = {

/* Begin PBXBuildFile section */
		65908F3E1AD03E4F00E94871 /* AppDelegate.swift in Sources */ = {isa = PBXBuildFile; fileRef = 65908F3D1AD03E4F00E94871 /* AppDelegate.swift */; };
		65908F431AD03E4F00E94871 /* Main.storyboard in Resources */ = {isa = PBXBuildFile; fileRef = 65908F411AD03E4F00E94871 /* Main.storyboard */; };
		65908F451AD03E4F00E94871 /* Images.xcassets in Resources */ = {isa = PBXBuildFile; fileRef = 65908F441AD03E4F00E94871 /* Images.xcassets */; };
		65908F481AD03E4F00E94871 /* LaunchScreen.xib in Resources */ = {isa = PBXBuildFile; fileRef = 65908F461AD03E4F00E94871 /* LaunchScreen.xib */; };
		65908F541AD03E4F00E94871 /* MemeMeTests.swift in Sources */ = {isa = PBXBuildFile; fileRef = 65908F531AD03E4F00E94871 /* MemeMeTests.swift */; };
		65908F5E1AD093A300E94871 /* MemeEditorViewController.swift in Sources */ = {isa = PBXBuildFile; fileRef = 65908F5D1AD093A300E94871 /* MemeEditorViewController.swift */; };
		65BF7C771AD93CFD002523A0 /* Meme.swift in Sources */ = {isa = PBXBuildFile; fileRef = 65BF7C761AD93CFD002523A0 /* Meme.swift */; };
/* End PBXBuildFile section */

/* Begin PBXContainerItemProxy section */
		65908F4E1AD03E4F00E94871 /* PBXContainerItemProxy */ = {
			isa = PBXContainerItemProxy;
			containerPortal = 65908F301AD03E4F00E94871 /* Project object */;
			proxyType = 1;
			remoteGlobalIDString = 65908F371AD03E4F00E94871;
			remoteInfo = MemeMe;
		};
/* End PBXContainerItemProxy section */

/* Begin PBXFileReference section */
		65908F381AD03E4F00E94871 /* MemeMe.app */ = {isa = PBXFileReference; explicitFileType = wrapper.application; includeInIndex = 0; path = MemeMe.app; sourceTree = BUILT_PRODUCTS_DIR; };
		65908F3C1AD03E4F00E94871 /* Info.plist */ = {isa = PBXFileReference; lastKnownFileType = text.plist.xml; path = Info.plist; sourceTree = "<group>"; };
		65908F3D1AD03E4F00E94871 /* AppDelegate.swift */ = {isa = PBXFileReference; lastKnownFileType = sourcecode.swift; path = AppDelegate.swift; sourceTree = "<group>"; };
		65908F421AD03E4F00E94871 /* Base */ = {isa = PBXFileReference; lastKnownFileType = file.storyboard; name = Base; path = Base.lproj/Main.storyboard; sourceTree = "<group>"; };
		65908F441AD03E4F00E94871 /* Images.xcassets */ = {isa = PBXFileReference; lastKnownFileType = folder.assetcatalog; path = Images.xcassets; sourceTree = "<group>"; };
		65908F471AD03E4F00E94871 /* Base */ = {isa = PBXFileReference; lastKnownFileType = file.xib; name = Base; path = Base.lproj/LaunchScreen.xib; sourceTree = "<group>"; };
		65908F4D1AD03E4F00E94871 /* MemeMeTests.xctest */ = {isa = PBXFileReference; explicitFileType = wrapper.cfbundle; includeInIndex = 0; path = MemeMeTests.xctest; sourceTree = BUILT_PRODUCTS_DIR; };
		65908F521AD03E4F00E94871 /* Info.plist */ = {isa = PBXFileReference; lastKnownFileType = text.plist.xml; path = Info.plist; sourceTree = "<group>"; };
		65908F531AD03E4F00E94871 /* MemeMeTests.swift */ = {isa = PBXFileReference; lastKnownFileType = sourcecode.swift; path = MemeMeTests.swift; sourceTree = "<group>"; };
		65908F5D1AD093A300E94871 /* MemeEditorViewController.swift */ = {isa = PBXFileReference; fileEncoding = 4; lastKnownFileType = sourcecode.swift; path = MemeEditorViewController.swift; sourceTree = "<group>"; };
		65BF7C761AD93CFD002523A0 /* Meme.swift */ = {isa = PBXFileReference; fileEncoding = 4; lastKnownFileType = sourcecode.swift; path = Meme.swift; sourceTree = "<group>"; };
/* End PBXFileReference section */

/* Begin PBXFrameworksBuildPhase section */
		65908F351AD03E4F00E94871 /* Frameworks */ = {
			isa = PBXFrameworksBuildPhase;
			buildActionMask = 2147483647;
			files = (
			);
			runOnlyForDeploymentPostprocessing = 0;
		};
		65908F4A1AD03E4F00E94871 /* Frameworks */ = {
			isa = PBXFrameworksBuildPhase;
			buildActionMask = 2147483647;
			files = (
			);
			runOnlyForDeploymentPostprocessing = 0;
		};
/* End PBXFrameworksBuildPhase section */

/* Begin PBXGroup section */
		65908F2F1AD03E4F00E94871 = {
			isa = PBXGroup;
			children = (
				65908F3A1AD03E4F00E94871 /* MemeMe */,
				65908F501AD03E4F00E94871 /* MemeMeTests */,
				65908F391AD03E4F00E94871 /* Products */,
			);
			sourceTree = "<group>";
		};
		65908F391AD03E4F00E94871 /* Products */ = {
			isa = PBXGroup;
			children = (
				65908F381AD03E4F00E94871 /* MemeMe.app */,
				65908F4D1AD03E4F00E94871 /* MemeMeTests.xctest */,
			);
			name = Products;
			sourceTree = "<group>";
		};
		65908F3A1AD03E4F00E94871 /* MemeMe */ = {
			isa = PBXGroup;
			children = (
				65908F3D1AD03E4F00E94871 /* AppDelegate.swift */,
				65908F411AD03E4F00E94871 /* Main.storyboard */,
				65BF7C761AD93CFD002523A0 /* Meme.swift */,
				65908F5D1AD093A300E94871 /* MemeEditorViewController.swift */,
				65908F441AD03E4F00E94871 /* Images.xcassets */,
				65908F461AD03E4F00E94871 /* LaunchScreen.xib */,
				65908F3B1AD03E4F00E94871 /* Supporting Files */,
			);
			path = MemeMe;
			sourceTree = "<group>";
		};
		65908F3B1AD03E4F00E94871 /* Supporting Files */ = {
			isa = PBXGroup;
			children = (
				65908F3C1AD03E4F00E94871 /* Info.plist */,
			);
			name = "Supporting Files";
			sourceTree = "<group>";
		};
		65908F501AD03E4F00E94871 /* MemeMeTests */ = {
			isa = PBXGroup;
			children = (
				65908F531AD03E4F00E94871 /* MemeMeTests.swift */,
				65908F511AD03E4F00E94871 /* Supporting Files */,
			);
			path = MemeMeTests;
			sourceTree = "<group>";
		};
		65908F511AD03E4F00E94871 /* Supporting Files */ = {
			isa = PBXGroup;
			children = (
				65908F521AD03E4F00E94871 /* Info.plist */,
			);
			name = "Supporting Files";
			sourceTree = "<group>";
		};
/* End PBXGroup section */

/* Begin PBXNativeTarget section */
		65908F371AD03E4F00E94871 /* MemeMe */ = {
			isa = PBXNativeTarget;
			buildConfigurationList = 65908F571AD03E4F00E94871 /* Build configuration list for PBXNativeTarget "MemeMe" */;
			buildPhases = (
				65908F341AD03E4F00E94871 /* Sources */,
				65908F351AD03E4F00E94871 /* Frameworks */,
				65908F361AD03E4F00E94871 /* Resources */,
			);
			buildRules = (
			);
			dependencies = (
			);
			name = MemeMe;
			productName = MemeMe;
			productReference = 65908F381AD03E4F00E94871 /* MemeMe.app */;
			productType = "com.apple.product-type.application";
		};
		65908F4C1AD03E4F00E94871 /* MemeMeTests */ = {
			isa = PBXNativeTarget;
			buildConfigurationList = 65908F5A1AD03E4F00E94871 /* Build configuration list for PBXNativeTarget "MemeMeTests" */;
			buildPhases = (
				65908F491AD03E4F00E94871 /* Sources */,
				65908F4A1AD03E4F00E94871 /* Frameworks */,
				65908F4B1AD03E4F00E94871 /* Resources */,
			);
			buildRules = (
			);
			dependencies = (
				65908F4F1AD03E4F00E94871 /* PBXTargetDependency */,
			);
			name = MemeMeTests;
			productName = MemeMeTests;
			productReference = 65908F4D1AD03E4F00E94871 /* MemeMeTests.xctest */;
			productType = "com.apple.product-type.bundle.unit-test";
		};
/* End PBXNativeTarget section */

/* Begin PBXProject section */
		65908F301AD03E4F00E94871 /* Project object */ = {
			isa = PBXProject;
			attributes = {
				LastUpgradeCheck = 0620;
				ORGANIZATIONNAME = "Andrea Perazzi";
				TargetAttributes = {
					65908F371AD03E4F00E94871 = {
						CreatedOnToolsVersion = 6.2;
					};
					65908F4C1AD03E4F00E94871 = {
						CreatedOnToolsVersion = 6.2;
						TestTargetID = 65908F371AD03E4F00E94871;
					};
				};
			};
			buildConfigurationList = 65908F331AD03E4F00E94871 /* Build configuration list for PBXProject "MemeMe" */;
			compatibilityVersion = "Xcode 3.2";
			developmentRegion = English;
			hasScannedForEncodings = 0;
			knownRegions = (
				en,
				Base,
			);
			mainGroup = 65908F2F1AD03E4F00E94871;
			productRefGroup = 65908F391AD03E4F00E94871 /* Products */;
			projectDirPath = "";
			projectRoot = "";
			targets = (
				65908F371AD03E4F00E94871 /* MemeMe */,
				65908F4C1AD03E4F00E94871 /* MemeMeTests */,
			);
		};
/* End PBXProject section */

/* Begin PBXResourcesBuildPhase section */
		65908F361AD03E4F00E94871 /* Resources */ = {
			isa = PBXResourcesBuildPhase;
			buildActionMask = 2147483647;
			files = (
				65908F431AD03E4F00E94871 /* Main.storyboard in Resources */,
				65908F481AD03E4F00E94871 /* LaunchScreen.xib in Resources */,
				65908F451AD03E4F00E94871 /* Images.xcassets in Resources */,
			);
			runOnlyForDeploymentPostprocessing = 0;
		};
		65908F4B1AD03E4F00E94871 /* Resources */ = {
			isa = PBXResourcesBuildPhase;
			buildActionMask = 2147483647;
			files = (
			);
			runOnlyForDeploymentPostprocessing = 0;
		};
/* End PBXResourcesBuildPhase section */

/* Begin PBXSourcesBuildPhase section */
		65908F341AD03E4F00E94871 /* Sources */ = {
			isa = PBXSourcesBuildPhase;
			buildActionMask = 2147483647;
			files = (
				65BF7C771AD93CFD002523A0 /* Meme.swift in Sources */,
				65908F3E1AD03E4F00E94871 /* AppDelegate.swift in Sources */,
				65908F5E1AD093A300E94871 /* MemeEditorViewController.swift in Sources */,
			);
			runOnlyForDeploymentPostprocessing = 0;
		};
		65908F491AD03E4F00E94871 /* Sources */ = {
			isa = PBXSourcesBuildPhase;
			buildActionMask = 2147483647;
			files = (
				65908F541AD03E4F00E94871 /* MemeMeTests.swift in Sources */,
			);
			runOnlyForDeploymentPostprocessing = 0;
		};
/* End PBXSourcesBuildPhase section */

/* Begin PBXTargetDependency section */
		65908F4F1AD03E4F00E94871 /* PBXTargetDependency */ = {
			isa = PBXTargetDependency;
			target = 65908F371AD03E4F00E94871 /* MemeMe */;
			targetProxy = 65908F4E1AD03E4F00E94871 /* PBXContainerItemProxy */;
		};
/* End PBXTargetDependency section */

/* Begin PBXVariantGroup section */
		65908F411AD03E4F00E94871 /* Main.storyboard */ = {
			isa = PBXVariantGroup;
			children = (
				65908F421AD03E4F00E94871 /* Base */,
			);
			name = Main.storyboard;
			sourceTree = "<group>";
		};
		65908F461AD03E4F00E94871 /* LaunchScreen.xib */ = {
			isa = PBXVariantGroup;
			children = (
				65908F471AD03E4F00E94871 /* Base */,
			);
			name = LaunchScreen.xib;
			sourceTree = "<group>";
		};
/* End PBXVariantGroup section */

/* Begin XCBuildConfiguration section */
		65908F551AD03E4F00E94871 /* Debug */ = {
			isa = XCBuildConfiguration;
			buildSettings = {
				ALWAYS_SEARCH_USER_PATHS = NO;
				CLANG_CXX_LANGUAGE_STANDARD = "gnu++0x";
				CLANG_CXX_LIBRARY = "libc++";
				CLANG_ENABLE_MODULES = YES;
				CLANG_ENABLE_OBJC_ARC = YES;
				CLANG_WARN_BOOL_CONVERSION = YES;
				CLANG_WARN_CONSTANT_CONVERSION = YES;
				CLANG_WARN_DIRECT_OBJC_ISA_USAGE = YES_ERROR;
				CLANG_WARN_EMPTY_BODY = YES;
				CLANG_WARN_ENUM_CONVERSION = YES;
				CLANG_WARN_INT_CONVERSION = YES;
				CLANG_WARN_OBJC_ROOT_CLASS = YES_ERROR;
				CLANG_WARN_UNREACHABLE_CODE = YES;
				CLANG_WARN__DUPLICATE_METHOD_MATCH = YES;
				"CODE_SIGN_IDENTITY[sdk=iphoneos*]" = "iPhone Developer";
				COPY_PHASE_STRIP = NO;
				ENABLE_STRICT_OBJC_MSGSEND = YES;
				GCC_C_LANGUAGE_STANDARD = gnu99;
				GCC_DYNAMIC_NO_PIC = NO;
				GCC_OPTIMIZATION_LEVEL = 0;
				GCC_PREPROCESSOR_DEFINITIONS = (
					"DEBUG=1",
					"$(inherited)",
				);
				GCC_SYMBOLS_PRIVATE_EXTERN = NO;
				GCC_WARN_64_TO_32_BIT_CONVERSION = YES;
				GCC_WARN_ABOUT_RETURN_TYPE = YES_ERROR;
				GCC_WARN_UNDECLARED_SELECTOR = YES;
				GCC_WARN_UNINITIALIZED_AUTOS = YES_AGGRESSIVE;
				GCC_WARN_UNUSED_FUNCTION = YES;
				GCC_WARN_UNUSED_VARIABLE = YES;
				IPHONEOS_DEPLOYMENT_TARGET = 8.2;
				MTL_ENABLE_DEBUG_INFO = YES;
				ONLY_ACTIVE_ARCH = YES;
				SDKROOT = iphoneos;
				SWIFT_OPTIMIZATION_LEVEL = "-Onone";
			};
			name = Debug;
		};
		65908F561AD03E4F00E94871 /* Release */ = {
			isa = XCBuildConfiguration;
			buildSettings = {
				ALWAYS_SEARCH_USER_PATHS = NO;
				CLANG_CXX_LANGUAGE_STANDARD = "gnu++0x";
				CLANG_CXX_LIBRARY = "libc++";
				CLANG_ENABLE_MODULES = YES;
				CLANG_ENABLE_OBJC_ARC = YES;
				CLANG_WARN_BOOL_CONVERSION = YES;
				CLANG_WARN_CONSTANT_CONVERSION = YES;
				CLANG_WARN_DIRECT_OBJC_ISA_USAGE = YES_ERROR;
				CLANG_WARN_EMPTY_BODY = YES;
				CLANG_WARN_ENUM_CONVERSION = YES;
				CLANG_WARN_INT_CONVERSION = YES;
				CLANG_WARN_OBJC_ROOT_CLASS = YES_ERROR;
				CLANG_WARN_UNREACHABLE_CODE = YES;
				CLANG_WARN__DUPLICATE_METHOD_MATCH = YES;
				"CODE_SIGN_IDENTITY[sdk=iphoneos*]" = "iPhone Developer";
				COPY_PHASE_STRIP = NO;
				ENABLE_NS_ASSERTIONS = NO;
				ENABLE_STRICT_OBJC_MSGSEND = YES;
				GCC_C_LANGUAGE_STANDARD = gnu99;
				GCC_WARN_64_TO_32_BIT_CONVERSION = YES;
				GCC_WARN_ABOUT_RETURN_TYPE = YES_ERROR;
				GCC_WARN_UNDECLARED_SELECTOR = YES;
				GCC_WARN_UNINITIALIZED_AUTOS = YES_AGGRESSIVE;
				GCC_WARN_UNUSED_FUNCTION = YES;
				GCC_WARN_UNUSED_VARIABLE = YES;
				IPHONEOS_DEPLOYMENT_TARGET = 8.2;
				MTL_ENABLE_DEBUG_INFO = NO;
				SDKROOT = iphoneos;
				VALIDATE_PRODUCT = YES;
			};
			name = Release;
		};
		65908F581AD03E4F00E94871 /* Debug */ = {
			isa = XCBuildConfiguration;
			buildSettings = {
				ASSETCATALOG_COMPILER_APPICON_NAME = AppIcon;
				INFOPLIST_FILE = MemeMe/Info.plist;
				LD_RUNPATH_SEARCH_PATHS = "$(inherited) @executable_path/Frameworks";
				PRODUCT_NAME = "$(TARGET_NAME)";
			};
			name = Debug;
		};
		65908F591AD03E4F00E94871 /* Release */ = {
			isa = XCBuildConfiguration;
			buildSettings = {
				ASSETCATALOG_COMPILER_APPICON_NAME = AppIcon;
				INFOPLIST_FILE = MemeMe/Info.plist;
				LD_RUNPATH_SEARCH_PATHS = "$(inherited) @executable_path/Frameworks";
				PRODUCT_NAME = "$(TARGET_NAME)";
			};
			name = Release;
		};
		65908F5B1AD03E4F00E94871 /* Debug */ = {
			isa = XCBuildConfiguration;
			buildSettings = {
				BUNDLE_LOADER = "$(TEST_HOST)";
				FRAMEWORK_SEARCH_PATHS = (
					"$(SDKROOT)/Developer/Library/Frameworks",
					"$(inherited)",
				);
				GCC_PREPROCESSOR_DEFINITIONS = (
					"DEBUG=1",
					"$(inherited)",
				);
				INFOPLIST_FILE = MemeMeTests/Info.plist;
				LD_RUNPATH_SEARCH_PATHS = "$(inherited) @executable_path/Frameworks @loader_path/Frameworks";
				PRODUCT_NAME = "$(TARGET_NAME)";
				TEST_HOST = "$(BUILT_PRODUCTS_DIR)/MemeMe.app/MemeMe";
			};
			name = Debug;
		};
		65908F5C1AD03E4F00E94871 /* Release */ = {
			isa = XCBuildConfiguration;
			buildSettings = {
				BUNDLE_LOADER = "$(TEST_HOST)";
				FRAMEWORK_SEARCH_PATHS = (
					"$(SDKROOT)/Developer/Library/Frameworks",
					"$(inherited)",
				);
				INFOPLIST_FILE = MemeMeTests/Info.plist;
				LD_RUNPATH_SEARCH_PATHS = "$(inherited) @executable_path/Frameworks @loader_path/Frameworks";
				PRODUCT_NAME = "$(TARGET_NAME)";
				TEST_HOST = "$(BUILT_PRODUCTS_DIR)/MemeMe.app/MemeMe";
			};
			name = Release;
		};
/* End XCBuildConfiguration section */

/* Begin XCConfigurationList section */
		65908F331AD03E4F00E94871 /* Build configuration list for PBXProject "MemeMe" */ = {
			isa = XCConfigurationList;
			buildConfigurations = (
				65908F551AD03E4F00E94871 /* Debug */,
				65908F561AD03E4F00E94871 /* Release */,
			);
			defaultConfigurationIsVisible = 0;
			defaultConfigurationName = Release;
		};
		65908F571AD03E4F00E94871 /* Build configuration list for PBXNativeTarget "MemeMe" */ = {
			isa = XCConfigurationList;
			buildConfigurations = (
				65908F581AD03E4F00E94871 /* Debug */,
				65908F591AD03E4F00E94871 /* Release */,
			);
			defaultConfigurationIsVisible = 0;
			defaultConfigurationName = Release;
		};
		65908F5A1AD03E4F00E94871 /* Build configuration list for PBXNativeTarget "MemeMeTests" */ = {
			isa = XCConfigurationList;
			buildConfigurations = (
				65908F5B1AD03E4F00E94871 /* Debug */,
				65908F5C1AD03E4F00E94871 /* Release */,
			);
			defaultConfigurationIsVisible = 0;
			defaultConfigurationName = Release;
		};
/* End XCConfigurationList section */
	};
	rootObject = 65908F301AD03E4F00E94871 /* Project object */;
}
